
Microsoft Visual Studio Solution File, Format Version 12.00
# Visual Studio Version 16
VisualStudioVersion = 16.0.29503.13
MinimumVisualStudioVersion = 10.0.40219.1
Project("{9A19103F-16F7-4668-BE54-9A1E7A4F7556}") = "DNBSuperMarket.WebUI", "DNBSuperMarket.WebUI\DNBSuperMarket.WebUI.csproj", "{DA9B087A-D640-4A2C-AF32-7160930A5D79}"
EndProject
Project("{FAE04EC0-301F-11D3-BF4B-00C04F79EFBC}") = "DNBSuperMarket.WebAPI", "DNBSuperMarket.WebAPI\DNBSuperMarket.WebAPI.csproj", "{7E9DE84C-4079-40EF-811E-5424028F0089}"
EndProject
Global
	GlobalSection(SolutionConfigurationPlatforms) = preSolution
		Debug|Any CPU = Debug|Any CPU
		Release|Any CPU = Release|Any CPU
	EndGlobalSection
	GlobalSection(ProjectConfigurationPlatforms) = postSolution
		{DA9B087A-D640-4A2C-AF32-7160930A5D79}.Debug|Any CPU.ActiveCfg = Debug|Any CPU
		{DA9B087A-D640-4A2C-AF32-7160930A5D79}.Debug|Any CPU.Build.0 = Debug|Any CPU
		{DA9B087A-D640-4A2C-AF32-7160930A5D79}.Release|Any CPU.ActiveCfg = Release|Any CPU
		{DA9B087A-D640-4A2C-AF32-7160930A5D79}.Release|Any CPU.Build.0 = Release|Any CPU
		{7E9DE84C-4079-40EF-811E-5424028F0089}.Debug|Any CPU.ActiveCfg = Debug|Any CPU
		{7E9DE84C-4079-40EF-811E-5424028F0089}.Debug|Any CPU.Build.0 = Debug|Any CPU
		{7E9DE84C-4079-40EF-811E-5424028F0089}.Release|Any CPU.ActiveCfg = Release|Any CPU
		{7E9DE84C-4079-40EF-811E-5424028F0089}.Release|Any CPU.Build.0 = Release|Any CPU
	EndGlobalSection
	GlobalSection(SolutionProperties) = preSolution
		HideSolutionNode = FALSE
	EndGlobalSection
	GlobalSection(ExtensibilityGlobals) = postSolution
		SolutionGuid = {5FF0CB25-0476-4B45-ACAD-C95F815B967D}
	EndGlobalSection
EndGlobal
